
Microsoft Visual Studio Solution File, Format Version 12.00
# Visual Studio 15
VisualStudioVersion = 15.0.28307.421
MinimumVisualStudioVersion = 10.0.40219.1
Project("{FAE04EC0-301F-11D3-BF4B-00C04F79EFBC}") = "SimpleWebAppGit", "SimpleWebAppGit\SimpleWebAppGit.csproj", "{304D150B-11F8-4ADB-84E5-4F72D11EE156}"
EndProject
Global
	GlobalSection(SolutionConfigurationPlatforms) = preSolution
		Debug|Any CPU = Debug|Any CPU
		Release|Any CPU = Release|Any CPU
	EndGlobalSection
	GlobalSection(ProjectConfigurationPlatforms) = postSolution
		{304D150B-11F8-4ADB-84E5-4F72D11EE156}.Debug|Any CPU.ActiveCfg = Debug|Any CPU
		{304D150B-11F8-4ADB-84E5-4F72D11EE156}.Debug|Any CPU.Build.0 = Debug|Any CPU
		{304D150B-11F8-4ADB-84E5-4F72D11EE156}.Release|Any CPU.ActiveCfg = Release|Any CPU
		{304D150B-11F8-4ADB-84E5-4F72D11EE156}.Release|Any CPU.Build.0 = Release|Any CPU
	EndGlobalSection
	GlobalSection(SolutionProperties) = preSolution
		HideSolutionNode = FALSE
	EndGlobalSection
	GlobalSection(ExtensibilityGlobals) = postSolution
		SolutionGuid = {CAB040A8-9AB7-4D76-AB21-B9C7338A6BA4}
	EndGlobalSection
EndGlobal
